
Microsoft Visual Studio Solution File, Format Version 12.00
# Visual Studio Version 17
VisualStudioVersion = 17.5.002.0
MinimumVisualStudioVersion = 10.0.40219.1
Project("{9A19103F-16F7-4668-BE54-9A1E7A4F7556}") = "CreditHours", "CreditHours.csproj", "{1E1CE15A-7ED2-43B2-A08D-E44BB22B23EA}"
EndProject
Global
	GlobalSection(SolutionConfigurationPlatforms) = preSolution
		Debug|Any CPU = Debug|Any CPU
		Release|Any CPU = Release|Any CPU
	EndGlobalSection
	GlobalSection(ProjectConfigurationPlatforms) = postSolution
		{1E1CE15A-7ED2-43B2-A08D-E44BB22B23EA}.Debug|Any CPU.ActiveCfg = Debug|Any CPU
		{1E1CE15A-7ED2-43B2-A08D-E44BB22B23EA}.Debug|Any CPU.Build.0 = Debug|Any CPU
		{1E1CE15A-7ED2-43B2-A08D-E44BB22B23EA}.Release|Any CPU.ActiveCfg = Release|Any CPU
		{1E1CE15A-7ED2-43B2-A08D-E44BB22B23EA}.Release|Any CPU.Build.0 = Release|Any CPU
	EndGlobalSection
	GlobalSection(SolutionProperties) = preSolution
		HideSolutionNode = FALSE
	EndGlobalSection
	GlobalSection(ExtensibilityGlobals) = postSolution
		SolutionGuid = {6EABFBC0-140B-46B6-80EB-A1CEB82EDF40}
	EndGlobalSection
EndGlobal
